// !$*UTF8*$!
{
	archiveVersion = 1;
	classes = {
	};
	objectVersion = 46;
	objects = {

/* Begin PBXBuildFile section */
		4C8DC019170918B200903503 /* UIKit.framework in Frameworks */ = {isa = PBXBuildFile; fileRef = 4C8DC018170918B200903503 /* UIKit.framework */; };
		4C8DC01B170918B200903503 /* Foundation.framework in Frameworks */ = {isa = PBXBuildFile; fileRef = 4C8DC01A170918B200903503 /* Foundation.framework */; };
		4C8DC01D170918B200903503 /* CoreGraphics.framework in Frameworks */ = {isa = PBXBuildFile; fileRef = 4C8DC01C170918B200903503 /* CoreGraphics.framework */; };
		4C8DC023170918B200903503 /* InfoPlist.strings in Resources */ = {isa = PBXBuildFile; fileRef = 4C8DC021170918B200903503 /* InfoPlist.strings */; };
		4C8DC025170918B200903503 /* main.m in Sources */ = {isa = PBXBuildFile; fileRef = 4C8DC024170918B200903503 /* main.m */; };
		4C8DC029170918B200903503 /* AppDelegate.m in Sources */ = {isa = PBXBuildFile; fileRef = 4C8DC028170918B200903503 /* AppDelegate.m */; };
		4C8DC02B170918B300903503 /* Default.png in Resources */ = {isa = PBXBuildFile; fileRef = 4C8DC02A170918B300903503 /* Default.png */; };
		4C8DC02D170918B300903503 /* Default@2x.png in Resources */ = {isa = PBXBuildFile; fileRef = 4C8DC02C170918B300903503 /* Default@2x.png */; };
		4C8DC02F170918B300903503 /* Default-568h@2x.png in Resources */ = {isa = PBXBuildFile; fileRef = 4C8DC02E170918B300903503 /* Default-568h@2x.png */; };
		4C8DC032170918B300903503 /* ViewController.m in Sources */ = {isa = PBXBuildFile; fileRef = 4C8DC031170918B300903503 /* ViewController.m */; };
		4C8DC035170918B300903503 /* ViewController.xib in Resources */ = {isa = PBXBuildFile; fileRef = 4C8DC033170918B300903503 /* ViewController.xib */; };
		4C8DC03C17091A4A00903503 /* QuartzCore.framework in Frameworks */ = {isa = PBXBuildFile; fileRef = 4C8DC03B17091A4A00903503 /* QuartzCore.framework */; };
		4C8DC03F17091A9600903503 /* NSCBGradientView.m in Sources */ = {isa = PBXBuildFile; fileRef = 4C8DC03E17091A9600903503 /* NSCBGradientView.m */; };
		4C8DC0411709592900903503 /* Icon.png in Resources */ = {isa = PBXBuildFile; fileRef = 4C8DC0401709592900903503 /* Icon.png */; };
		4C8DC0431709592F00903503 /* Icon@2x.png in Resources */ = {isa = PBXBuildFile; fileRef = 4C8DC0421709592F00903503 /* Icon@2x.png */; };
/* End PBXBuildFile section */

/* Begin PBXFileReference section */
		4C8DC015170918B200903503 /* GradientViewDemo.app */ = {isa = PBXFileReference; explicitFileType = wrapper.application; includeInIndex = 0; path = GradientViewDemo.app; sourceTree = BUILT_PRODUCTS_DIR; };
		4C8DC018170918B200903503 /* UIKit.framework */ = {isa = PBXFileReference; lastKnownFileType = wrapper.framework; name = UIKit.framework; path = System/Library/Frameworks/UIKit.framework; sourceTree = SDKROOT; };
		4C8DC01A170918B200903503 /* Foundation.framework */ = {isa = PBXFileReference; lastKnownFileType = wrapper.framework; name = Foundation.framework; path = System/Library/Frameworks/Foundation.framework; sourceTree = SDKROOT; };
		4C8DC01C170918B200903503 /* CoreGraphics.framework */ = {isa = PBXFileReference; lastKnownFileType = wrapper.framework; name = CoreGraphics.framework; path = System/Library/Frameworks/CoreGraphics.framework; sourceTree = SDKROOT; };
		4C8DC020170918B200903503 /* GradientViewDemo-Info.plist */ = {isa = PBXFileReference; lastKnownFileType = text.plist.xml; path = "GradientViewDemo-Info.plist"; sourceTree = "<group>"; };
		4C8DC022170918B200903503 /* en */ = {isa = PBXFileReference; lastKnownFileType = text.plist.strings; name = en; path = en.lproj/InfoPlist.strings; sourceTree = "<group>"; };
		4C8DC024170918B200903503 /* main.m */ = {isa = PBXFileReference; lastKnownFileType = sourcecode.c.objc; path = main.m; sourceTree = "<group>"; };
		4C8DC026170918B200903503 /* GradientViewDemo-Prefix.pch */ = {isa = PBXFileReference; lastKnownFileType = sourcecode.c.h; path = "GradientViewDemo-Prefix.pch"; sourceTree = "<group>"; };
		4C8DC027170918B200903503 /* AppDelegate.h */ = {isa = PBXFileReference; lastKnownFileType = sourcecode.c.h; path = AppDelegate.h; sourceTree = "<group>"; };
		4C8DC028170918B200903503 /* AppDelegate.m */ = {isa = PBXFileReference; lastKnownFileType = sourcecode.c.objc; path = AppDelegate.m; sourceTree = "<group>"; };
		4C8DC02A170918B300903503 /* Default.png */ = {isa = PBXFileReference; lastKnownFileType = image.png; path = Default.png; sourceTree = "<group>"; };
		4C8DC02C170918B300903503 /* Default@2x.png */ = {isa = PBXFileReference; lastKnownFileType = image.png; path = "Default@2x.png"; sourceTree = "<group>"; };
		4C8DC02E170918B300903503 /* Default-568h@2x.png */ = {isa = PBXFileReference; lastKnownFileType = image.png; path = "Default-568h@2x.png"; sourceTree = "<group>"; };
		4C8DC030170918B300903503 /* ViewController.h */ = {isa = PBXFileReference; lastKnownFileType = sourcecode.c.h; path = ViewController.h; sourceTree = "<group>"; };
		4C8DC031170918B300903503 /* ViewController.m */ = {isa = PBXFileReference; lastKnownFileType = sourcecode.c.objc; path = ViewController.m; sourceTree = "<group>"; };
		4C8DC034170918B300903503 /* en */ = {isa = PBXFileReference; lastKnownFileType = file.xib; name = en; path = en.lproj/ViewController.xib; sourceTree = "<group>"; };
		4C8DC03B17091A4A00903503 /* QuartzCore.framework */ = {isa = PBXFileReference; lastKnownFileType = wrapper.framework; name = QuartzCore.framework; path = System/Library/Frameworks/QuartzCore.framework; sourceTree = SDKROOT; };
		4C8DC03D17091A9600903503 /* NSCBGradientView.h */ = {isa = PBXFileReference; fileEncoding = 4; lastKnownFileType = sourcecode.c.h; path = NSCBGradientView.h; sourceTree = "<group>"; };
		4C8DC03E17091A9600903503 /* NSCBGradientView.m */ = {isa = PBXFileReference; fileEncoding = 4; lastKnownFileType = sourcecode.c.objc; path = NSCBGradientView.m; sourceTree = "<group>"; };
		4C8DC0401709592900903503 /* Icon.png */ = {isa = PBXFileReference; lastKnownFileType = image.png; name = Icon.png; path = ../Icon.png; sourceTree = "<group>"; };
		4C8DC0421709592F00903503 /* Icon@2x.png */ = {isa = PBXFileReference; lastKnownFileType = image.png; name = "Icon@2x.png"; path = "../Icon@2x.png"; sourceTree = "<group>"; };
/* End PBXFileReference section */

/* Begin PBXFrameworksBuildPhase section */
		4C8DC012170918B200903503 /* Frameworks */ = {
			isa = PBXFrameworksBuildPhase;
			buildActionMask = 2147483647;
			files = (
				4C8DC03C17091A4A00903503 /* QuartzCore.framework in Frameworks */,
				4C8DC019170918B200903503 /* UIKit.framework in Frameworks */,
				4C8DC01B170918B200903503 /* Foundation.framework in Frameworks */,
				4C8DC01D170918B200903503 /* CoreGraphics.framework in Frameworks */,
			);
			runOnlyForDeploymentPostprocessing = 0;
		};
/* End PBXFrameworksBuildPhase section */

/* Begin PBXGroup section */
		4C8DC00C170918B200903503 = {
			isa = PBXGroup;
			children = (
				4C8DC01E170918B200903503 /* GradientViewDemo */,
				4C8DC017170918B200903503 /* Frameworks */,
				4C8DC016170918B200903503 /* Products */,
			);
			sourceTree = "<group>";
		};
		4C8DC016170918B200903503 /* Products */ = {
			isa = PBXGroup;
			children = (
				4C8DC015170918B200903503 /* GradientViewDemo.app */,
			);
			name = Products;
			sourceTree = "<group>";
		};
		4C8DC017170918B200903503 /* Frameworks */ = {
			isa = PBXGroup;
			children = (
				4C8DC03B17091A4A00903503 /* QuartzCore.framework */,
				4C8DC018170918B200903503 /* UIKit.framework */,
				4C8DC01A170918B200903503 /* Foundation.framework */,
				4C8DC01C170918B200903503 /* CoreGraphics.framework */,
			);
			name = Frameworks;
			sourceTree = "<group>";
		};
		4C8DC01E170918B200903503 /* GradientViewDemo */ = {
			isa = PBXGroup;
			children = (
				4C8DC027170918B200903503 /* AppDelegate.h */,
				4C8DC028170918B200903503 /* AppDelegate.m */,
				4C8DC030170918B300903503 /* ViewController.h */,
				4C8DC031170918B300903503 /* ViewController.m */,
				4C8DC033170918B300903503 /* ViewController.xib */,
				4C8DC03D17091A9600903503 /* NSCBGradientView.h */,
				4C8DC03E17091A9600903503 /* NSCBGradientView.m */,
				4C8DC01F170918B200903503 /* Supporting Files */,
			);
			path = GradientViewDemo;
			sourceTree = "<group>";
		};
		4C8DC01F170918B200903503 /* Supporting Files */ = {
			isa = PBXGroup;
			children = (
				4C8DC0421709592F00903503 /* Icon@2x.png */,
				4C8DC0401709592900903503 /* Icon.png */,
				4C8DC020170918B200903503 /* GradientViewDemo-Info.plist */,
				4C8DC021170918B200903503 /* InfoPlist.strings */,
				4C8DC024170918B200903503 /* main.m */,
				4C8DC026170918B200903503 /* GradientViewDemo-Prefix.pch */,
				4C8DC02A170918B300903503 /* Default.png */,
				4C8DC02C170918B300903503 /* Default@2x.png */,
				4C8DC02E170918B300903503 /* Default-568h@2x.png */,
			);
			name = "Supporting Files";
			sourceTree = "<group>";
		};
/* End PBXGroup section */

/* Begin PBXNativeTarget section */
		4C8DC014170918B200903503 /* GradientViewDemo */ = {
			isa = PBXNativeTarget;
			buildConfigurationList = 4C8DC038170918B300903503 /* Build configuration list for PBXNativeTarget "GradientViewDemo" */;
			buildPhases = (
				4C8DC011170918B200903503 /* Sources */,
				4C8DC012170918B200903503 /* Frameworks */,
				4C8DC013170918B200903503 /* Resources */,
			);
			buildRules = (
			);
			dependencies = (
			);
			name = GradientViewDemo;
			productName = GradientViewDemo;
			productReference = 4C8DC015170918B200903503 /* GradientViewDemo.app */;
			productType = "com.apple.product-type.application";
		};
/* End PBXNativeTarget section */

/* Begin PBXProject section */
		4C8DC00D170918B200903503 /* Project object */ = {
			isa = PBXProject;
			attributes = {
				LastUpgradeCheck = 0460;
				ORGANIZATIONNAME = NSCookbook;
			};
			buildConfigurationList = 4C8DC010170918B200903503 /* Build configuration list for PBXProject "GradientViewDemo" */;
			compatibilityVersion = "Xcode 3.2";
			developmentRegion = English;
			hasScannedForEncodings = 0;
			knownRegions = (
				en,
			);
			mainGroup = 4C8DC00C170918B200903503;
			productRefGroup = 4C8DC016170918B200903503 /* Products */;
			projectDirPath = "";
			projectRoot = "";
			targets = (
				4C8DC014170918B200903503 /* GradientViewDemo */,
			);
		};
/* End PBXProject section */

/* Begin PBXResourcesBuildPhase section */
		4C8DC013170918B200903503 /* Resources */ = {
			isa = PBXResourcesBuildPhase;
			buildActionMask = 2147483647;
			files = (
				4C8DC023170918B200903503 /* InfoPlist.strings in Resources */,
				4C8DC02B170918B300903503 /* Default.png in Resources */,
				4C8DC02D170918B300903503 /* Default@2x.png in Resources */,
				4C8DC02F170918B300903503 /* Default-568h@2x.png in Resources */,
				4C8DC035170918B300903503 /* ViewController.xib in Resources */,
				4C8DC0411709592900903503 /* Icon.png in Resources */,
				4C8DC0431709592F00903503 /* Icon@2x.png in Resources */,
			);
			runOnlyForDeploymentPostprocessing = 0;
		};
/* End PBXResourcesBuildPhase section */

/* Begin PBXSourcesBuildPhase section */
		4C8DC011170918B200903503 /* Sources */ = {
			isa = PBXSourcesBuildPhase;
			buildActionMask = 2147483647;
			files = (
				4C8DC025170918B200903503 /* main.m in Sources */,
				4C8DC029170918B200903503 /* AppDelegate.m in Sources */,
				4C8DC032170918B300903503 /* ViewController.m in Sources */,
				4C8DC03F17091A9600903503 /* NSCBGradientView.m in Sources */,
			);
			runOnlyForDeploymentPostprocessing = 0;
		};
/* End PBXSourcesBuildPhase section */

/* Begin PBXVariantGroup section */
		4C8DC021170918B200903503 /* InfoPlist.strings */ = {
			isa = PBXVariantGroup;
			children = (
				4C8DC022170918B200903503 /* en */,
			);
			name = InfoPlist.strings;
			sourceTree = "<group>";
		};
		4C8DC033170918B300903503 /* ViewController.xib */ = {
			isa = PBXVariantGroup;
			children = (
				4C8DC034170918B300903503 /* en */,
			);
			name = ViewController.xib;
			sourceTree = "<group>";
		};
/* End PBXVariantGroup section */

/* Begin XCBuildConfiguration section */
		4C8DC036170918B300903503 /* Debug */ = {
			isa = XCBuildConfiguration;
			buildSettings = {
				ALWAYS_SEARCH_USER_PATHS = NO;
				CLANG_CXX_LANGUAGE_STANDARD = "gnu++0x";
				CLANG_CXX_LIBRARY = "libc++";
				CLANG_ENABLE_OBJC_ARC = YES;
				CLANG_WARN_CONSTANT_CONVERSION = YES;
				CLANG_WARN_EMPTY_BODY = YES;
				CLANG_WARN_ENUM_CONVERSION = YES;
				CLANG_WARN_INT_CONVERSION = YES;
				CLANG_WARN__DUPLICATE_METHOD_MATCH = YES;
				"CODE_SIGN_IDENTITY[sdk=iphoneos*]" = "iPhone Developer";
				COPY_PHASE_STRIP = NO;
				GCC_C_LANGUAGE_STANDARD = gnu99;
				GCC_DYNAMIC_NO_PIC = NO;
				GCC_OPTIMIZATION_LEVEL = 0;
				GCC_PREPROCESSOR_DEFINITIONS = (
					"DEBUG=1",
					"$(inherited)",
				);
				GCC_SYMBOLS_PRIVATE_EXTERN = NO;
				GCC_WARN_ABOUT_RETURN_TYPE = YES;
				GCC_WARN_UNINITIALIZED_AUTOS = YES;
				GCC_WARN_UNUSED_VARIABLE = YES;
				IPHONEOS_DEPLOYMENT_TARGET = 6.1;
				ONLY_ACTIVE_ARCH = YES;
				SDKROOT = iphoneos;
			};
			name = Debug;
		};
		4C8DC037170918B300903503 /* Release */ = {
			isa = XCBuildConfiguration;
			buildSettings = {
				ALWAYS_SEARCH_USER_PATHS = NO;
				CLANG_CXX_LANGUAGE_STANDARD = "gnu++0x";
				CLANG_CXX_LIBRARY = "libc++";
				CLANG_ENABLE_OBJC_ARC = YES;
				CLANG_WARN_CONSTANT_CONVERSION = YES;
				CLANG_WARN_EMPTY_BODY = YES;
				CLANG_WARN_ENUM_CONVERSION = YES;
				CLANG_WARN_INT_CONVERSION = YES;
				CLANG_WARN__DUPLICATE_METHOD_MATCH = YES;
				"CODE_SIGN_IDENTITY[sdk=iphoneos*]" = "iPhone Developer";
				COPY_PHASE_STRIP = YES;
				GCC_C_LANGUAGE_STANDARD = gnu99;
				GCC_WARN_ABOUT_RETURN_TYPE = YES;
				GCC_WARN_UNINITIALIZED_AUTOS = YES;
				GCC_WARN_UNUSED_VARIABLE = YES;
				IPHONEOS_DEPLOYMENT_TARGET = 6.1;
				OTHER_CFLAGS = "-DNS_BLOCK_ASSERTIONS=1";
				SDKROOT = iphoneos;
				VALIDATE_PRODUCT = YES;
			};
			name = Release;
		};
		4C8DC039170918B300903503 /* Debug */ = {
			isa = XCBuildConfiguration;
			buildSettings = {
				GCC_PRECOMPILE_PREFIX_HEADER = YES;
				GCC_PREFIX_HEADER = "GradientViewDemo/GradientViewDemo-Prefix.pch";
				INFOPLIST_FILE = "GradientViewDemo/GradientViewDemo-Info.plist";
				PRODUCT_NAME = "$(TARGET_NAME)";
				WRAPPER_EXTENSION = app;
			};
			name = Debug;
		};
		4C8DC03A170918B300903503 /* Release */ = {
			isa = XCBuildConfiguration;
			buildSettings = {
				GCC_PRECOMPILE_PREFIX_HEADER = YES;
				GCC_PREFIX_HEADER = "GradientViewDemo/GradientViewDemo-Prefix.pch";
				INFOPLIST_FILE = "GradientViewDemo/GradientViewDemo-Info.plist";
				PRODUCT_NAME = "$(TARGET_NAME)";
				WRAPPER_EXTENSION = app;
			};
			name = Release;
		};
/* End XCBuildConfiguration section */

/* Begin XCConfigurationList section */
		4C8DC010170918B200903503 /* Build configuration list for PBXProject "GradientViewDemo" */ = {
			isa = XCConfigurationList;
			buildConfigurations = (
				4C8DC036170918B300903503 /* Debug */,
				4C8DC037170918B300903503 /* Release */,
			);
			defaultConfigurationIsVisible = 0;
			defaultConfigurationName = Release;
		};
		4C8DC038170918B300903503 /* Build configuration list for PBXNativeTarget "GradientViewDemo" */ = {
			isa = XCConfigurationList;
			buildConfigurations = (
				4C8DC039170918B300903503 /* Debug */,
				4C8DC03A170918B300903503 /* Release */,
			);
			defaultConfigurationIsVisible = 0;
		};
/* End XCConfigurationList section */
	};
	rootObject = 4C8DC00D170918B200903503 /* Project object */;
}
